
Microsoft Visual Studio Solution File, Format Version 12.00
# Visual Studio Version 17
VisualStudioVersion = 17.6.33829.357
MinimumVisualStudioVersion = 10.0.40219.1
Project("{9A19103F-16F7-4668-BE54-9A1E7A4F7556}") = "RecipeManager.API", "RecipeManager.API\RecipeManager.API.csproj", "{744F5FA1-C401-4C7F-805A-27B4E6894DDA}"
EndProject
Project("{9A19103F-16F7-4668-BE54-9A1E7A4F7556}") = "RecipeManager.UI", "RecipeManager.UI\RecipeManager.UI.csproj", "{11D2FD32-657E-4DEB-8CC4-8859B5A018BC}"
EndProject
Project("{9A19103F-16F7-4668-BE54-9A1E7A4F7556}") = "RecipeManager.ViewModel", "RecipeManager.ViewModel\RecipeManager.ViewModel.csproj", "{CA5E9C4C-DF56-40DC-B05A-EEBD546DE224}"
EndProject
Global
	GlobalSection(SolutionConfigurationPlatforms) = preSolution
		Debug|Any CPU = Debug|Any CPU
		Release|Any CPU = Release|Any CPU
	EndGlobalSection
	GlobalSection(ProjectConfigurationPlatforms) = postSolution
		{744F5FA1-C401-4C7F-805A-27B4E6894DDA}.Debug|Any CPU.ActiveCfg = Debug|Any CPU
		{744F5FA1-C401-4C7F-805A-27B4E6894DDA}.Debug|Any CPU.Build.0 = Debug|Any CPU
		{744F5FA1-C401-4C7F-805A-27B4E6894DDA}.Release|Any CPU.ActiveCfg = Release|Any CPU
		{744F5FA1-C401-4C7F-805A-27B4E6894DDA}.Release|Any CPU.Build.0 = Release|Any CPU
		{11D2FD32-657E-4DEB-8CC4-8859B5A018BC}.Debug|Any CPU.ActiveCfg = Debug|Any CPU
		{11D2FD32-657E-4DEB-8CC4-8859B5A018BC}.Debug|Any CPU.Build.0 = Debug|Any CPU
		{11D2FD32-657E-4DEB-8CC4-8859B5A018BC}.Release|Any CPU.ActiveCfg = Release|Any CPU
		{11D2FD32-657E-4DEB-8CC4-8859B5A018BC}.Release|Any CPU.Build.0 = Release|Any CPU
		{CA5E9C4C-DF56-40DC-B05A-EEBD546DE224}.Debug|Any CPU.ActiveCfg = Debug|Any CPU
		{CA5E9C4C-DF56-40DC-B05A-EEBD546DE224}.Debug|Any CPU.Build.0 = Debug|Any CPU
		{CA5E9C4C-DF56-40DC-B05A-EEBD546DE224}.Release|Any CPU.ActiveCfg = Release|Any CPU
		{CA5E9C4C-DF56-40DC-B05A-EEBD546DE224}.Release|Any CPU.Build.0 = Release|Any CPU
	EndGlobalSection
	GlobalSection(SolutionProperties) = preSolution
		HideSolutionNode = FALSE
	EndGlobalSection
	GlobalSection(ExtensibilityGlobals) = postSolution
		SolutionGuid = {C447C614-31B0-4AAA-819B-02AE971D682E}
	EndGlobalSection
EndGlobal
